
Microsoft Visual Studio Solution File, Format Version 12.00
# Visual Studio 15
VisualStudioVersion = 15.0.27130.2026
MinimumVisualStudioVersion = 10.0.40219.1
Project("{FAE04EC0-301F-11D3-BF4B-00C04F79EFBC}") = "SmartApp", "SmartApp\SmartApp.csproj", "{781672E9-D390-4C6A-8ABC-ACC34DCCD308}"
EndProject
Global
	GlobalSection(SolutionConfigurationPlatforms) = preSolution
		Debug|Any CPU = Debug|Any CPU
		Release|Any CPU = Release|Any CPU
	EndGlobalSection
	GlobalSection(ProjectConfigurationPlatforms) = postSolution
		{781672E9-D390-4C6A-8ABC-ACC34DCCD308}.Debug|Any CPU.ActiveCfg = Debug|Any CPU
		{781672E9-D390-4C6A-8ABC-ACC34DCCD308}.Debug|Any CPU.Build.0 = Debug|Any CPU
		{781672E9-D390-4C6A-8ABC-ACC34DCCD308}.Debug|Any CPU.Deploy.0 = Debug|Any CPU
		{781672E9-D390-4C6A-8ABC-ACC34DCCD308}.Release|Any CPU.ActiveCfg = Release|Any CPU
		{781672E9-D390-4C6A-8ABC-ACC34DCCD308}.Release|Any CPU.Build.0 = Release|Any CPU
		{781672E9-D390-4C6A-8ABC-ACC34DCCD308}.Release|Any CPU.Deploy.0 = Release|Any CPU
	EndGlobalSection
	GlobalSection(SolutionProperties) = preSolution
		HideSolutionNode = FALSE
	EndGlobalSection
	GlobalSection(ExtensibilityGlobals) = postSolution
		SolutionGuid = {D5439876-7160-462A-A0BC-EF07A032D1C2}
	EndGlobalSection
EndGlobal
